// !$*UTF8*$!
{
	archiveVersion = 1;
	classes = {
	};
	objectVersion = 50;
	objects = {

/* Begin PBXBuildFile section */
		F130D97A20DB0D2F0012B37E /* AppDelegate.swift in Sources */ = {isa = PBXBuildFile; fileRef = F130D97920DB0D2F0012B37E /* AppDelegate.swift */; };
		F130D97C20DB0D2F0012B37E /* ViewController.swift in Sources */ = {isa = PBXBuildFile; fileRef = F130D97B20DB0D2F0012B37E /* ViewController.swift */; };
		F130D97F20DB0D2F0012B37E /* Main.storyboard in Resources */ = {isa = PBXBuildFile; fileRef = F130D97D20DB0D2F0012B37E /* Main.storyboard */; };
		F130D98120DB0D300012B37E /* Assets.xcassets in Resources */ = {isa = PBXBuildFile; fileRef = F130D98020DB0D300012B37E /* Assets.xcassets */; };
		F130D98420DB0D300012B37E /* LaunchScreen.storyboard in Resources */ = {isa = PBXBuildFile; fileRef = F130D98220DB0D300012B37E /* LaunchScreen.storyboard */; };
		F130D98C20DB3C8E0012B37E /* PaperOnboarding.framework in Frameworks */ = {isa = PBXBuildFile; fileRef = F130D98B20DB3C8E0012B37E /* PaperOnboarding.framework */; };
		F130D98D20DB3C8E0012B37E /* PaperOnboarding.framework in Embed Frameworks */ = {isa = PBXBuildFile; fileRef = F130D98B20DB3C8E0012B37E /* PaperOnboarding.framework */; settings = {ATTRIBUTES = (CodeSignOnCopy, RemoveHeadersOnCopy, ); }; };
		F130D99020DB3E0F0012B37E /* OnboardingView.swift in Sources */ = {isa = PBXBuildFile; fileRef = F130D98F20DB3E0F0012B37E /* OnboardingView.swift */; };
/* End PBXBuildFile section */

/* Begin PBXCopyFilesBuildPhase section */
		F130D98E20DB3C8F0012B37E /* Embed Frameworks */ = {
			isa = PBXCopyFilesBuildPhase;
			buildActionMask = 2147483647;
			dstPath = "";
			dstSubfolderSpec = 10;
			files = (
				F130D98D20DB3C8E0012B37E /* PaperOnboarding.framework in Embed Frameworks */,
			);
			name = "Embed Frameworks";
			runOnlyForDeploymentPostprocessing = 0;
		};
/* End PBXCopyFilesBuildPhase section */

/* Begin PBXFileReference section */
		F130D97620DB0D2E0012B37E /* PatienceGuru.app */ = {isa = PBXFileReference; explicitFileType = wrapper.application; includeInIndex = 0; path = PatienceGuru.app; sourceTree = BUILT_PRODUCTS_DIR; };
		F130D97920DB0D2F0012B37E /* AppDelegate.swift */ = {isa = PBXFileReference; lastKnownFileType = sourcecode.swift; path = AppDelegate.swift; sourceTree = "<group>"; };
		F130D97B20DB0D2F0012B37E /* ViewController.swift */ = {isa = PBXFileReference; lastKnownFileType = sourcecode.swift; path = ViewController.swift; sourceTree = "<group>"; };
		F130D97E20DB0D2F0012B37E /* Base */ = {isa = PBXFileReference; lastKnownFileType = file.storyboard; name = Base; path = Base.lproj/Main.storyboard; sourceTree = "<group>"; };
		F130D98020DB0D300012B37E /* Assets.xcassets */ = {isa = PBXFileReference; lastKnownFileType = folder.assetcatalog; path = Assets.xcassets; sourceTree = "<group>"; };
		F130D98320DB0D300012B37E /* Base */ = {isa = PBXFileReference; lastKnownFileType = file.storyboard; name = Base; path = Base.lproj/LaunchScreen.storyboard; sourceTree = "<group>"; };
		F130D98520DB0D300012B37E /* Info.plist */ = {isa = PBXFileReference; lastKnownFileType = text.plist.xml; path = Info.plist; sourceTree = "<group>"; };
		F130D98B20DB3C8E0012B37E /* PaperOnboarding.framework */ = {isa = PBXFileReference; lastKnownFileType = wrapper.framework; name = PaperOnboarding.framework; path = Carthage/Build/iOS/PaperOnboarding.framework; sourceTree = "<group>"; };
		F130D98F20DB3E0F0012B37E /* OnboardingView.swift */ = {isa = PBXFileReference; lastKnownFileType = sourcecode.swift; path = OnboardingView.swift; sourceTree = "<group>"; };
/* End PBXFileReference section */

/* Begin PBXFrameworksBuildPhase section */
		F130D97320DB0D2E0012B37E /* Frameworks */ = {
			isa = PBXFrameworksBuildPhase;
			buildActionMask = 2147483647;
			files = (
				F130D98C20DB3C8E0012B37E /* PaperOnboarding.framework in Frameworks */,
			);
			runOnlyForDeploymentPostprocessing = 0;
		};
/* End PBXFrameworksBuildPhase section */

/* Begin PBXGroup section */
		F130D96D20DB0D2E0012B37E = {
			isa = PBXGroup;
			children = (
				F130D98B20DB3C8E0012B37E /* PaperOnboarding.framework */,
				F130D97820DB0D2F0012B37E /* PatienceGuru */,
				F130D97720DB0D2E0012B37E /* Products */,
			);
			sourceTree = "<group>";
		};
		F130D97720DB0D2E0012B37E /* Products */ = {
			isa = PBXGroup;
			children = (
				F130D97620DB0D2E0012B37E /* PatienceGuru.app */,
			);
			name = Products;
			sourceTree = "<group>";
		};
		F130D97820DB0D2F0012B37E /* PatienceGuru */ = {
			isa = PBXGroup;
			children = (
				F130D97920DB0D2F0012B37E /* AppDelegate.swift */,
				F130D97B20DB0D2F0012B37E /* ViewController.swift */,
				F130D98F20DB3E0F0012B37E /* OnboardingView.swift */,
				F130D97D20DB0D2F0012B37E /* Main.storyboard */,
				F130D98020DB0D300012B37E /* Assets.xcassets */,
				F130D98220DB0D300012B37E /* LaunchScreen.storyboard */,
				F130D98520DB0D300012B37E /* Info.plist */,
			);
			path = PatienceGuru;
			sourceTree = "<group>";
		};
/* End PBXGroup section */

/* Begin PBXNativeTarget section */
		F130D97520DB0D2E0012B37E /* PatienceGuru */ = {
			isa = PBXNativeTarget;
			buildConfigurationList = F130D98820DB0D300012B37E /* Build configuration list for PBXNativeTarget "PatienceGuru" */;
			buildPhases = (
				F130D97220DB0D2E0012B37E /* Sources */,
				F130D97320DB0D2E0012B37E /* Frameworks */,
				F130D97420DB0D2E0012B37E /* Resources */,
				F130D98E20DB3C8F0012B37E /* Embed Frameworks */,
			);
			buildRules = (
			);
			dependencies = (
			);
			name = PatienceGuru;
			productName = PatienceGuru;
			productReference = F130D97620DB0D2E0012B37E /* PatienceGuru.app */;
			productType = "com.apple.product-type.application";
		};
/* End PBXNativeTarget section */

/* Begin PBXProject section */
		F130D96E20DB0D2E0012B37E /* Project object */ = {
			isa = PBXProject;
			attributes = {
				LastSwiftUpdateCheck = 0940;
				LastUpgradeCheck = 0940;
				ORGANIZATIONNAME = "Raman Singh";
				TargetAttributes = {
					F130D97520DB0D2E0012B37E = {
						CreatedOnToolsVersion = 9.4;
					};
				};
			};
			buildConfigurationList = F130D97120DB0D2E0012B37E /* Build configuration list for PBXProject "PatienceGuru" */;
			compatibilityVersion = "Xcode 9.3";
			developmentRegion = en;
			hasScannedForEncodings = 0;
			knownRegions = (
				en,
				Base,
			);
			mainGroup = F130D96D20DB0D2E0012B37E;
			productRefGroup = F130D97720DB0D2E0012B37E /* Products */;
			projectDirPath = "";
			projectRoot = "";
			targets = (
				F130D97520DB0D2E0012B37E /* PatienceGuru */,
			);
		};
/* End PBXProject section */

/* Begin PBXResourcesBuildPhase section */
		F130D97420DB0D2E0012B37E /* Resources */ = {
			isa = PBXResourcesBuildPhase;
			buildActionMask = 2147483647;
			files = (
				F130D98420DB0D300012B37E /* LaunchScreen.storyboard in Resources */,
				F130D98120DB0D300012B37E /* Assets.xcassets in Resources */,
				F130D97F20DB0D2F0012B37E /* Main.storyboard in Resources */,
			);
			runOnlyForDeploymentPostprocessing = 0;
		};
/* End PBXResourcesBuildPhase section */

/* Begin PBXSourcesBuildPhase section */
		F130D97220DB0D2E0012B37E /* Sources */ = {
			isa = PBXSourcesBuildPhase;
			buildActionMask = 2147483647;
			files = (
				F130D99020DB3E0F0012B37E /* OnboardingView.swift in Sources */,
				F130D97C20DB0D2F0012B37E /* ViewController.swift in Sources */,
				F130D97A20DB0D2F0012B37E /* AppDelegate.swift in Sources */,
			);
			runOnlyForDeploymentPostprocessing = 0;
		};
/* End PBXSourcesBuildPhase section */

/* Begin PBXVariantGroup section */
		F130D97D20DB0D2F0012B37E /* Main.storyboard */ = {
			isa = PBXVariantGroup;
			children = (
				F130D97E20DB0D2F0012B37E /* Base */,
			);
			name = Main.storyboard;
			sourceTree = "<group>";
		};
		F130D98220DB0D300012B37E /* LaunchScreen.storyboard */ = {
			isa = PBXVariantGroup;
			children = (
				F130D98320DB0D300012B37E /* Base */,
			);
			name = LaunchScreen.storyboard;
			sourceTree = "<group>";
		};
/* End PBXVariantGroup section */

/* Begin XCBuildConfiguration section */
		F130D98620DB0D300012B37E /* Debug */ = {
			isa = XCBuildConfiguration;
			buildSettings = {
				ALWAYS_SEARCH_USER_PATHS = NO;
				CLANG_ANALYZER_NONNULL = YES;
				CLANG_ANALYZER_NUMBER_OBJECT_CONVERSION = YES_AGGRESSIVE;
				CLANG_CXX_LANGUAGE_STANDARD = "gnu++14";
				CLANG_CXX_LIBRARY = "libc++";
				CLANG_ENABLE_MODULES = YES;
				CLANG_ENABLE_OBJC_ARC = YES;
				CLANG_ENABLE_OBJC_WEAK = YES;
				CLANG_WARN_BLOCK_CAPTURE_AUTORELEASING = YES;
				CLANG_WARN_BOOL_CONVERSION = YES;
				CLANG_WARN_COMMA = YES;
				CLANG_WARN_CONSTANT_CONVERSION = YES;
				CLANG_WARN_DEPRECATED_OBJC_IMPLEMENTATIONS = YES;
				CLANG_WARN_DIRECT_OBJC_ISA_USAGE = YES_ERROR;
				CLANG_WARN_DOCUMENTATION_COMMENTS = YES;
				CLANG_WARN_EMPTY_BODY = YES;
				CLANG_WARN_ENUM_CONVERSION = YES;
				CLANG_WARN_INFINITE_RECURSION = YES;
				CLANG_WARN_INT_CONVERSION = YES;
				CLANG_WARN_NON_LITERAL_NULL_CONVERSION = YES;
				CLANG_WARN_OBJC_IMPLICIT_RETAIN_SELF = YES;
				CLANG_WARN_OBJC_LITERAL_CONVERSION = YES;
				CLANG_WARN_OBJC_ROOT_CLASS = YES_ERROR;
				CLANG_WARN_RANGE_LOOP_ANALYSIS = YES;
				CLANG_WARN_STRICT_PROTOTYPES = YES;
				CLANG_WARN_SUSPICIOUS_MOVE = YES;
				CLANG_WARN_UNGUARDED_AVAILABILITY = YES_AGGRESSIVE;
				CLANG_WARN_UNREACHABLE_CODE = YES;
				CLANG_WARN__DUPLICATE_METHOD_MATCH = YES;
				CODE_SIGN_IDENTITY = "iPhone Developer";
				COPY_PHASE_STRIP = NO;
				DEBUG_INFORMATION_FORMAT = dwarf;
				ENABLE_STRICT_OBJC_MSGSEND = YES;
				ENABLE_TESTABILITY = YES;
				GCC_C_LANGUAGE_STANDARD = gnu11;
				GCC_DYNAMIC_NO_PIC = NO;
				GCC_NO_COMMON_BLOCKS = YES;
				GCC_OPTIMIZATION_LEVEL = 0;
				GCC_PREPROCESSOR_DEFINITIONS = (
					"DEBUG=1",
					"$(inherited)",
				);
				GCC_WARN_64_TO_32_BIT_CONVERSION = YES;
				GCC_WARN_ABOUT_RETURN_TYPE = YES_ERROR;
				GCC_WARN_UNDECLARED_SELECTOR = YES;
				GCC_WARN_UNINITIALIZED_AUTOS = YES_AGGRESSIVE;
				GCC_WARN_UNUSED_FUNCTION = YES;
				GCC_WARN_UNUSED_VARIABLE = YES;
				IPHONEOS_DEPLOYMENT_TARGET = 11.4;
				MTL_ENABLE_DEBUG_INFO = YES;
				ONLY_ACTIVE_ARCH = YES;
				SDKROOT = iphoneos;
				SWIFT_ACTIVE_COMPILATION_CONDITIONS = DEBUG;
				SWIFT_OPTIMIZATION_LEVEL = "-Onone";
			};
			name = Debug;
		};
		F130D98720DB0D300012B37E /* Release */ = {
			isa = XCBuildConfiguration;
			buildSettings = {
				ALWAYS_SEARCH_USER_PATHS = NO;
				CLANG_ANALYZER_NONNULL = YES;
				CLANG_ANALYZER_NUMBER_OBJECT_CONVERSION = YES_AGGRESSIVE;
				CLANG_CXX_LANGUAGE_STANDARD = "gnu++14";
				CLANG_CXX_LIBRARY = "libc++";
				CLANG_ENABLE_MODULES = YES;
				CLANG_ENABLE_OBJC_ARC = YES;
				CLANG_ENABLE_OBJC_WEAK = YES;
				CLANG_WARN_BLOCK_CAPTURE_AUTORELEASING = YES;
				CLANG_WARN_BOOL_CONVERSION = YES;
				CLANG_WARN_COMMA = YES;
				CLANG_WARN_CONSTANT_CONVERSION = YES;
				CLANG_WARN_DEPRECATED_OBJC_IMPLEMENTATIONS = YES;
				CLANG_WARN_DIRECT_OBJC_ISA_USAGE = YES_ERROR;
				CLANG_WARN_DOCUMENTATION_COMMENTS = YES;
				CLANG_WARN_EMPTY_BODY = YES;
				CLANG_WARN_ENUM_CONVERSION = YES;
				CLANG_WARN_INFINITE_RECURSION = YES;
				CLANG_WARN_INT_CONVERSION = YES;
				CLANG_WARN_NON_LITERAL_NULL_CONVERSION = YES;
				CLANG_WARN_OBJC_IMPLICIT_RETAIN_SELF = YES;
				CLANG_WARN_OBJC_LITERAL_CONVERSION = YES;
				CLANG_WARN_OBJC_ROOT_CLASS = YES_ERROR;
				CLANG_WARN_RANGE_LOOP_ANALYSIS = YES;
				CLANG_WARN_STRICT_PROTOTYPES = YES;
				CLANG_WARN_SUSPICIOUS_MOVE = YES;
				CLANG_WARN_UNGUARDED_AVAILABILITY = YES_AGGRESSIVE;
				CLANG_WARN_UNREACHABLE_CODE = YES;
				CLANG_WARN__DUPLICATE_METHOD_MATCH = YES;
				CODE_SIGN_IDENTITY = "iPhone Developer";
				COPY_PHASE_STRIP = NO;
				DEBUG_INFORMATION_FORMAT = "dwarf-with-dsym";
				ENABLE_NS_ASSERTIONS = NO;
				ENABLE_STRICT_OBJC_MSGSEND = YES;
				GCC_C_LANGUAGE_STANDARD = gnu11;
				GCC_NO_COMMON_BLOCKS = YES;
				GCC_WARN_64_TO_32_BIT_CONVERSION = YES;
				GCC_WARN_ABOUT_RETURN_TYPE = YES_ERROR;
				GCC_WARN_UNDECLARED_SELECTOR = YES;
				GCC_WARN_UNINITIALIZED_AUTOS = YES_AGGRESSIVE;
				GCC_WARN_UNUSED_FUNCTION = YES;
				GCC_WARN_UNUSED_VARIABLE = YES;
				IPHONEOS_DEPLOYMENT_TARGET = 11.4;
				MTL_ENABLE_DEBUG_INFO = NO;
				SDKROOT = iphoneos;
				SWIFT_COMPILATION_MODE = wholemodule;
				SWIFT_OPTIMIZATION_LEVEL = "-O";
				VALIDATE_PRODUCT = YES;
			};
			name = Release;
		};
		F130D98920DB0D300012B37E /* Debug */ = {
			isa = XCBuildConfiguration;
			buildSettings = {
				ASSETCATALOG_COMPILER_APPICON_NAME = AppIcon;
				CODE_SIGN_STYLE = Automatic;
				DEVELOPMENT_TEAM = UE52HE9BWK;
				FRAMEWORK_SEARCH_PATHS = (
					"$(inherited)",
					"$(PROJECT_DIR)/Carthage/Build/iOS",
				);
				INFOPLIST_FILE = PatienceGuru/Info.plist;
				IPHONEOS_DEPLOYMENT_TARGET = 11.3;
				LD_RUNPATH_SEARCH_PATHS = (
					"$(inherited)",
					"@executable_path/Frameworks",
				);
				PRODUCT_BUNDLE_IDENTIFIER = com.Singh4282.PatienceGuru;
				PRODUCT_NAME = "$(TARGET_NAME)";
				SWIFT_VERSION = 4.0;
				TARGETED_DEVICE_FAMILY = "1,2";
			};
			name = Debug;
		};
		F130D98A20DB0D300012B37E /* Release */ = {
			isa = XCBuildConfiguration;
			buildSettings = {
				ASSETCATALOG_COMPILER_APPICON_NAME = AppIcon;
				CODE_SIGN_STYLE = Automatic;
				DEVELOPMENT_TEAM = UE52HE9BWK;
				FRAMEWORK_SEARCH_PATHS = (
					"$(inherited)",
					"$(PROJECT_DIR)/Carthage/Build/iOS",
				);
				INFOPLIST_FILE = PatienceGuru/Info.plist;
				IPHONEOS_DEPLOYMENT_TARGET = 11.3;
				LD_RUNPATH_SEARCH_PATHS = (
					"$(inherited)",
					"@executable_path/Frameworks",
				);
				PRODUCT_BUNDLE_IDENTIFIER = com.Singh4282.PatienceGuru;
				PRODUCT_NAME = "$(TARGET_NAME)";
				SWIFT_VERSION = 4.0;
				TARGETED_DEVICE_FAMILY = "1,2";
			};
			name = Release;
		};
/* End XCBuildConfiguration section */

/* Begin XCConfigurationList section */
		F130D97120DB0D2E0012B37E /* Build configuration list for PBXProject "PatienceGuru" */ = {
			isa = XCConfigurationList;
			buildConfigurations = (
				F130D98620DB0D300012B37E /* Debug */,
				F130D98720DB0D300012B37E /* Release */,
			);
			defaultConfigurationIsVisible = 0;
			defaultConfigurationName = Release;
		};
		F130D98820DB0D300012B37E /* Build configuration list for PBXNativeTarget "PatienceGuru" */ = {
			isa = XCConfigurationList;
			buildConfigurations = (
				F130D98920DB0D300012B37E /* Debug */,
				F130D98A20DB0D300012B37E /* Release */,
			);
			defaultConfigurationIsVisible = 0;
			defaultConfigurationName = Release;
		};
/* End XCConfigurationList section */
	};
	rootObject = F130D96E20DB0D2E0012B37E /* Project object */;
}
